PODS:
  - CocoaAsyncSocket (7.3.1)
  - CocoaLumberjack (1.6.2)
  - Expecta (0.2.1)
  - JRSwizzle (1.0)
  - KissXML (5.0)
  - libextobjc/EXTConcreteProtocol (0.2.5):
    - libextobjc/RuntimeExtensions
  - libextobjc/EXTKeyPathCoding (0.2.5):
    - libextobjc/RuntimeExtensions
  - libextobjc/EXTScope (0.2.5):
    - libextobjc/RuntimeExtensions
  - libextobjc/RuntimeExtensions (0.2.5)
  - OCMock (2.2)
  - ReactiveCocoa (1.9.5):
    - ReactiveCocoa/Core
    - ReactiveCocoa/RACExtensions
  - ReactiveCocoa/Core (1.9.5):
    - JRSwizzle (~> 1.0)
    - libextobjc/EXTConcreteProtocol (~> 0.2.5)
    - libextobjc/EXTKeyPathCoding (~> 0.2.5)
    - libextobjc/EXTScope (~> 0.2.5)
  - ReactiveCocoa/RACExtensions (1.9.5):
    - ReactiveCocoa/Core
  - Specta (0.1.10)
  - SSKeychain (1.1.0)

DEPENDENCIES:
  - CocoaAsyncSocket
  - CocoaLumberjack
  - Expecta
  - KissXML
  - OCMock
  - ReactiveCocoa
  - Specta
  - SSKeychain

SPEC CHECKSUMS:
  CocoaAsyncSocket: 6e59036ecae1e93d6c78f5766149983ceac558ba
  CocoaLumberjack: d73e1e317ced14ab930797dda6c17156ff17aaa1
  Expecta: d46fb1bd78c90a83da0158b9b1e108de106e369f
  JRSwizzle: 6242ff38485d870fc2636899048ee1ab883ae587
  KissXML: 4c66b6f39ef49c23e6bb8d335b94136f12b1b615
  libextobjc: 2cbc74caf8bdc74a86fdf24673f773c83424ea98
  OCMock: 5300ae6b75398fc3ae6cbf9102191333d35f6852
  ReactiveCocoa: 591f49bb58dc2756e4876d3c1c3df55730a05505
  Specta: 27e3e2801be07596d49e04b5a561fb1a8ecc21d1
  SSKeychain: 54b6daee1d95af968beebef07522b583ff9a809c

COCOAPODS: 0.22.3
